# This file is automatically @generated by Cargo.
# It is not intended for manual editing.
version = 4

[[package]]
name = "nix-wasi-plugin-fib"
version = "0.1.0"
dependencies = [
 "nix-wasm-plugin-fib",
 "nix-wasm-rust",
]

[[package]]
name = "nix-wasm-plugin-fib"
version = "0.1.0"
dependencies = [
 "nix-wasm-rust",
]

[[package]]
name = "nix-wasm-rust"
version = "0.1.0"
